{
  "projects": [
    {
      "projectId": "gmeH6XgPaBtkt51HunAo4g",
      "version": "18.30.0",
      "dependencies": {},
      "lang": "js",
      "fileLocks": [
        {
          "assetId": "gmeH6XgPaBtkt51HunAo4g",
          "type": "projectCss",
          "checksum": "a92f8a81c335659a69443e50fd02af8c"
        },
        {
          "assetId": "gmeH6XgPaBtkt51HunAo4g",
          "checksum": "12432bceef704021122cb8b3d2017760",
          "type": "projectModule"
        },
        {
          "assetId": "gmeH6XgPaBtkt51HunAo4g",
          "checksum": "fe72ba8dfd186001e008f2e95fe60374",
          "type": "styleTokensProvider"
        }
      ],
      "codegenVersion": "0.0.3"
    },
    {
      "projectId": "jkU633o1Cz7HrJdwdxhVHk",
      "version": "16.19.0",
      "dependencies": {},
      "lang": "js",
      "fileLocks": [
        {
          "assetId": "jkU633o1Cz7HrJdwdxhVHk",
          "type": "projectCss",
          "checksum": "85f25ea7fc605a951957b994266bf3eb"
        },
        {
          "assetId": "jkU633o1Cz7HrJdwdxhVHk",
          "checksum": "3360395d0903e45c2a5fde8c8bb81302",
          "type": "projectModule"
        },
        {
          "assetId": "jkU633o1Cz7HrJdwdxhVHk",
          "checksum": "78752dfb17d15d96e948021c8b474da4",
          "type": "styleTokensProvider"
        }
      ],
      "codegenVersion": "0.0.3"
    },
    {
      "projectId": "ohDidvG9XsCeFumugENU3J",
      "version": "6.36.0",
      "dependencies": {},
      "lang": "js",
      "fileLocks": [
        {
          "assetId": "ohDidvG9XsCeFumugENU3J",
          "type": "projectCss",
          "checksum": "3f9cfe65194658f53dac7546f4bf0ebe"
        },
        {
          "assetId": "ohDidvG9XsCeFumugENU3J",
          "checksum": "be3f0aaba617feb7e002ecfd303a0f73",
          "type": "globalContexts"
        },
        {
          "assetId": "ohDidvG9XsCeFumugENU3J",
          "checksum": "fb807fe3705f30ea295ebfad5287dd4b",
          "type": "projectModule"
        },
        {
          "assetId": "ohDidvG9XsCeFumugENU3J",
          "checksum": "89d9d71e8cbe5cd52b12e923833f83f8",
          "type": "styleTokensProvider"
        }
      ],
      "codegenVersion": "0.0.3"
    },
    {
      "projectId": "YUiM7yqBWAqsh8KSnrdj7",
      "version": "0.39.0",
      "dependencies": {},
      "lang": "js",
      "fileLocks": [
        {
          "assetId": "YUiM7yqBWAqsh8KSnrdj7",
          "type": "projectCss",
          "checksum": "9b1646cccde05cef73ef33b2577cbe43"
        },
        {
          "assetId": "YUiM7yqBWAqsh8KSnrdj7",
          "checksum": "e441c33f0327416c9a2b92d5918bb109",
          "type": "projectModule"
        },
        {
          "assetId": "YUiM7yqBWAqsh8KSnrdj7",
          "checksum": "ec77aa69346a2409771fa74820fe3e40",
          "type": "styleTokensProvider"
        }
      ],
      "codegenVersion": "0.0.3"
    },
    {
      "projectId": "2ek6Cg6a7WkgAmyEDdQ7vg",
      "version": "latest",
      "dependencies": {
        "YUiM7yqBWAqsh8KSnrdj7": "0.39.0",
        "ohDidvG9XsCeFumugENU3J": "6.36.0",
        "jkU633o1Cz7HrJdwdxhVHk": "16.19.0",
        "gmeH6XgPaBtkt51HunAo4g": "18.30.0"
      },
      "lang": "js",
      "fileLocks": [
        {
          "assetId": "2ek6Cg6a7WkgAmyEDdQ7vg",
          "type": "projectCss",
          "checksum": "4d668d8f0d1558fd9e49451d8f71de56"
        },
        {
          "assetId": "2ek6Cg6a7WkgAmyEDdQ7vg",
          "checksum": "58cb9a026f9670199a776d813e7c7aa3",
          "type": "globalContexts"
        },
        {
          "assetId": "2ek6Cg6a7WkgAmyEDdQ7vg",
          "checksum": "90cf4e1a14b30e7a1ddc1b9516ed8589",
          "type": "projectModule"
        },
        {
          "assetId": "2ek6Cg6a7WkgAmyEDdQ7vg",
          "checksum": "fafb73661d7acd875015f41966e377ad",
          "type": "styleTokensProvider"
        },
        {
          "type": "renderModule",
          "assetId": "pPbTvP5TN0XT",
          "checksum": "ff4451393f721ef5280c8ece65559ffe"
        },
        {
          "type": "cssRules",
          "assetId": "pPbTvP5TN0XT",
          "checksum": "ff4451393f721ef5280c8ece65559ffe"
        },
        {
          "type": "renderModule",
          "assetId": "27pkw6Hvrsjk",
          "checksum": "b001ff076c2f9d5ecf440736c95711b7"
        },
        {
          "type": "cssRules",
          "assetId": "27pkw6Hvrsjk",
          "checksum": "b001ff076c2f9d5ecf440736c95711b7"
        },
        {
          "type": "renderModule",
          "assetId": "NA9vONYumA33",
          "checksum": "24feb8fef7ca780b646e2132e9e86c76"
        },
        {
          "type": "cssRules",
          "assetId": "NA9vONYumA33",
          "checksum": "24feb8fef7ca780b646e2132e9e86c76"
        },
        {
          "type": "renderModule",
          "assetId": "Oumf4WZuJOJ5",
          "checksum": "b5f9c0a2a450d7897e46a9b07a8ede7b"
        },
        {
          "type": "cssRules",
          "assetId": "Oumf4WZuJOJ5",
          "checksum": "b5f9c0a2a450d7897e46a9b07a8ede7b"
        },
        {
          "type": "renderModule",
          "assetId": "zPg2G2RlXFL8",
          "checksum": "93d5201fd6369bb4f0b1c5853decd87a"
        },
        {
          "type": "cssRules",
          "assetId": "zPg2G2RlXFL8",
          "checksum": "93d5201fd6369bb4f0b1c5853decd87a"
        },
        {
          "type": "renderModule",
          "assetId": "3fF63zdMPzIx",
          "checksum": "90a6360f8d8e44467271b0208582aedf"
        },
        {
          "type": "cssRules",
          "assetId": "3fF63zdMPzIx",
          "checksum": "90a6360f8d8e44467271b0208582aedf"
        },
        {
          "type": "icon",
          "assetId": "I7XBc7t-n-Qt",
          "checksum": "4cda3203575b5dcdbc959688c9b7c972"
        }
      ],
      "codegenVersion": "0.0.3"
    }
  ],
  "cliVersion": "0.1.359"
}
